
Microsoft Visual Studio Solution File, Format Version 12.00
# Visual Studio Version 17
VisualStudioVersion = 17.7.34024.191
MinimumVisualStudioVersion = 10.0.40219.1
Project("{FAE04EC0-301F-11D3-BF4B-00C04F79EFBC}") = "L4-JVBM-1097723", "L4-JVBM-1097723\L4-JVBM-1097723.csproj", "{00AF81CC-C2E6-42A0-98E7-5951290D1C27}"
EndProject
Global
	GlobalSection(SolutionConfigurationPlatforms) = preSolution
		Debug|Any CPU = Debug|Any CPU
		Release|Any CPU = Release|Any CPU
	EndGlobalSection
	GlobalSection(ProjectConfigurationPlatforms) = postSolution
		{00AF81CC-C2E6-42A0-98E7-5951290D1C27}.Debug|Any CPU.ActiveCfg = Debug|Any CPU
		{00AF81CC-C2E6-42A0-98E7-5951290D1C27}.Debug|Any CPU.Build.0 = Debug|Any CPU
		{00AF81CC-C2E6-42A0-98E7-5951290D1C27}.Release|Any CPU.ActiveCfg = Release|Any CPU
		{00AF81CC-C2E6-42A0-98E7-5951290D1C27}.Release|Any CPU.Build.0 = Release|Any CPU
	EndGlobalSection
	GlobalSection(SolutionProperties) = preSolution
		HideSolutionNode = FALSE
	EndGlobalSection
	GlobalSection(ExtensibilityGlobals) = postSolution
		SolutionGuid = {EDDD0679-5D8B-44D4-9701-F4746DB723BA}
	EndGlobalSection
EndGlobal
