
Microsoft Visual Studio Solution File, Format Version 12.00
# Visual Studio Version 17
VisualStudioVersion = 17.7.34024.191
MinimumVisualStudioVersion = 10.0.40219.1
Project("{FAE04EC0-301F-11D3-BF4B-00C04F79EFBC}") = "Proyecto2-Dados", "Proyecto2-Dados\Proyecto2-Dados.csproj", "{6093CE33-2BE5-4B0F-8E76-D10113AC35A1}"
EndProject
Global
	GlobalSection(SolutionConfigurationPlatforms) = preSolution
		Debug|Any CPU = Debug|Any CPU
		Release|Any CPU = Release|Any CPU
	EndGlobalSection
	GlobalSection(ProjectConfigurationPlatforms) = postSolution
		{6093CE33-2BE5-4B0F-8E76-D10113AC35A1}.Debug|Any CPU.ActiveCfg = Debug|Any CPU
		{6093CE33-2BE5-4B0F-8E76-D10113AC35A1}.Debug|Any CPU.Build.0 = Debug|Any CPU
		{6093CE33-2BE5-4B0F-8E76-D10113AC35A1}.Release|Any CPU.ActiveCfg = Release|Any CPU
		{6093CE33-2BE5-4B0F-8E76-D10113AC35A1}.Release|Any CPU.Build.0 = Release|Any CPU
	EndGlobalSection
	GlobalSection(SolutionProperties) = preSolution
		HideSolutionNode = FALSE
	EndGlobalSection
	GlobalSection(ExtensibilityGlobals) = postSolution
		SolutionGuid = {A572B482-AB28-4A63-9050-AF1387046640}
	EndGlobalSection
EndGlobal
