
Microsoft Visual Studio Solution File, Format Version 12.00
# Visual Studio Version 16
VisualStudioVersion = 16.0.33801.447
MinimumVisualStudioVersion = 10.0.40219.1
Project("{FAE04EC0-301F-11D3-BF4B-00C04F79EFBC}") = "L1JVBR1097723", "L1JVBR1097723\L1JVBR1097723.csproj", "{46D6006C-AD51-405B-993D-D01C7C91952D}"
EndProject
Global
	GlobalSection(SolutionConfigurationPlatforms) = preSolution
		Debug|Any CPU = Debug|Any CPU
		Release|Any CPU = Release|Any CPU
	EndGlobalSection
	GlobalSection(ProjectConfigurationPlatforms) = postSolution
		{46D6006C-AD51-405B-993D-D01C7C91952D}.Debug|Any CPU.ActiveCfg = Debug|Any CPU
		{46D6006C-AD51-405B-993D-D01C7C91952D}.Debug|Any CPU.Build.0 = Debug|Any CPU
		{46D6006C-AD51-405B-993D-D01C7C91952D}.Release|Any CPU.ActiveCfg = Release|Any CPU
		{46D6006C-AD51-405B-993D-D01C7C91952D}.Release|Any CPU.Build.0 = Release|Any CPU
	EndGlobalSection
	GlobalSection(SolutionProperties) = preSolution
		HideSolutionNode = FALSE
	EndGlobalSection
	GlobalSection(ExtensibilityGlobals) = postSolution
		SolutionGuid = {F8F6178C-ACC0-4B04-BEB0-BD738F37AEDF}
	EndGlobalSection
EndGlobal
