
Microsoft Visual Studio Solution File, Format Version 12.00
# Visual Studio Version 17
VisualStudioVersion = 17.7.34024.191
MinimumVisualStudioVersion = 10.0.40219.1
Project("{FAE04EC0-301F-11D3-BF4B-00C04F79EFBC}") = "T4-JVBM-1097723", "T4-JVBM-1097723\T4-JVBM-1097723.csproj", "{8353F64C-0005-4353-8E1A-3A88BB42DC73}"
EndProject
Global
	GlobalSection(SolutionConfigurationPlatforms) = preSolution
		Debug|Any CPU = Debug|Any CPU
		Release|Any CPU = Release|Any CPU
	EndGlobalSection
	GlobalSection(ProjectConfigurationPlatforms) = postSolution
		{8353F64C-0005-4353-8E1A-3A88BB42DC73}.Debug|Any CPU.ActiveCfg = Debug|Any CPU
		{8353F64C-0005-4353-8E1A-3A88BB42DC73}.Debug|Any CPU.Build.0 = Debug|Any CPU
		{8353F64C-0005-4353-8E1A-3A88BB42DC73}.Release|Any CPU.ActiveCfg = Release|Any CPU
		{8353F64C-0005-4353-8E1A-3A88BB42DC73}.Release|Any CPU.Build.0 = Release|Any CPU
	EndGlobalSection
	GlobalSection(SolutionProperties) = preSolution
		HideSolutionNode = FALSE
	EndGlobalSection
	GlobalSection(ExtensibilityGlobals) = postSolution
		SolutionGuid = {6CAFFC00-0623-4ADB-B932-8E6D05A346EF}
	EndGlobalSection
EndGlobal
